# This file is automatically @generated by Cargo.
# It is not intended for manual editing.
version = 3

[[package]]
name = "armv6-m"
version = "0.1.0"

[[package]]
name = "byteorder"
version = "1.4.3"
source = "registry+https://github.com/rust-lang/crates.io-index"
checksum = "14c189c53d098945499cdfa7ecc63567cf3886b3332b312a5b4585d8d3a6a610"

[[package]]
name = "elfy"
version = "0.2.2"
source = "registry+https://github.com/rust-lang/crates.io-index"
checksum = "2ca72135a89639b3a9ed76f516d313052180a318cc266d108f85201fe3ee436d"

[[package]]
name = "microbit-runtime"
version = "0.1.0"
dependencies = [
 "armv6-m",
 "byteorder",
 "elfy",
]
